
Microsoft Visual Studio Solution File, Format Version 12.00
# Visual Studio 14
VisualStudioVersion = 14.0.25123.0
MinimumVisualStudioVersion = 10.0.40219.1
Project("{FAE04EC0-301F-11D3-BF4B-00C04F79EFBC}") = "Turnir2", "Turnir2\Turnir2.csproj", "{BFCC3183-F4ED-4CF8-B1FF-1E811FD4EEBC}"
EndProject
Project("{FAE04EC0-301F-11D3-BF4B-00C04F79EFBC}") = "ConsoleApplication1", "ConsoleApplication1\ConsoleApplication1.csproj", "{45AFFB85-D4B8-40C9-86C1-B74E8A23F476}"
EndProject
Project("{FAE04EC0-301F-11D3-BF4B-00C04F79EFBC}") = "ATPLista", "..\ATPLista\ATPLista\ATPLista.csproj", "{53020D29-CB38-40A3-A3EE-204173187C14}"
EndProject
Global
	GlobalSection(SolutionConfigurationPlatforms) = preSolution
		Debug|Any CPU = Debug|Any CPU
		Release|Any CPU = Release|Any CPU
	EndGlobalSection
	GlobalSection(ProjectConfigurationPlatforms) = postSolution
		{BFCC3183-F4ED-4CF8-B1FF-1E811FD4EEBC}.Debug|Any CPU.ActiveCfg = Debug|Any CPU
		{BFCC3183-F4ED-4CF8-B1FF-1E811FD4EEBC}.Debug|Any CPU.Build.0 = Debug|Any CPU
		{BFCC3183-F4ED-4CF8-B1FF-1E811FD4EEBC}.Release|Any CPU.ActiveCfg = Release|Any CPU
		{BFCC3183-F4ED-4CF8-B1FF-1E811FD4EEBC}.Release|Any CPU.Build.0 = Release|Any CPU
		{45AFFB85-D4B8-40C9-86C1-B74E8A23F476}.Debug|Any CPU.ActiveCfg = Debug|Any CPU
		{45AFFB85-D4B8-40C9-86C1-B74E8A23F476}.Debug|Any CPU.Build.0 = Debug|Any CPU
		{45AFFB85-D4B8-40C9-86C1-B74E8A23F476}.Release|Any CPU.ActiveCfg = Release|Any CPU
		{45AFFB85-D4B8-40C9-86C1-B74E8A23F476}.Release|Any CPU.Build.0 = Release|Any CPU
		{53020D29-CB38-40A3-A3EE-204173187C14}.Debug|Any CPU.ActiveCfg = Debug|Any CPU
		{53020D29-CB38-40A3-A3EE-204173187C14}.Debug|Any CPU.Build.0 = Debug|Any CPU
		{53020D29-CB38-40A3-A3EE-204173187C14}.Release|Any CPU.ActiveCfg = Release|Any CPU
		{53020D29-CB38-40A3-A3EE-204173187C14}.Release|Any CPU.Build.0 = Release|Any CPU
	EndGlobalSection
	GlobalSection(SolutionProperties) = preSolution
		HideSolutionNode = FALSE
	EndGlobalSection
EndGlobal
